
Microsoft Visual Studio Solution File, Format Version 12.00
# Visual Studio Version 16
VisualStudioVersion = 16.0.29418.71
MinimumVisualStudioVersion = 10.0.40219.1
Project("{FAE04EC0-301F-11D3-BF4B-00C04F79EFBC}") = "example", "example\example.csproj", "{CC5BEA31-670C-437F-9ABC-B66B246CEDDE}"
EndProject
Global
	GlobalSection(SolutionConfigurationPlatforms) = preSolution
		Debug|Any CPU = Debug|Any CPU
		Release|Any CPU = Release|Any CPU
	EndGlobalSection
	GlobalSection(ProjectConfigurationPlatforms) = postSolution
		{CC5BEA31-670C-437F-9ABC-B66B246CEDDE}.Debug|Any CPU.ActiveCfg = Debug|Any CPU
		{CC5BEA31-670C-437F-9ABC-B66B246CEDDE}.Debug|Any CPU.Build.0 = Debug|Any CPU
		{CC5BEA31-670C-437F-9ABC-B66B246CEDDE}.Release|Any CPU.ActiveCfg = Release|Any CPU
		{CC5BEA31-670C-437F-9ABC-B66B246CEDDE}.Release|Any CPU.Build.0 = Release|Any CPU
	EndGlobalSection
	GlobalSection(SolutionProperties) = preSolution
		HideSolutionNode = FALSE
	EndGlobalSection
	GlobalSection(ExtensibilityGlobals) = postSolution
		SolutionGuid = {AD2D61E4-13DA-4918-98E0-463C408DCB67}
	EndGlobalSection
EndGlobal
